github.com/mtresnik/gomath v1.1.10 h1:JkfgMn8WfPcUNxIEA9p4KqGcaghzN6Olsv932CaBJ1c=
github.com/mtresnik/gomath v1.1.10/go.mod h1:CVGQVXq9UXdXv3rGHTEyxjOgwRYB7gbcGiJLaeBLGmE=
github.com/mtresnik/gomath v1.1.11 h1:1w2whZ3f+8q0L9y9UYJXMQFmLF8l8MFQqgWxZcrxxjg=
github.com/mtresnik/gomath v1.1.11/go.mod h1:qvEDHR7fWUK6GgaJXmFTV4HzzmyZOWobwgvRtg+ekhI=
github.com/mtresnik/goutils v1.1.10 h1:dXf3WnnUokeVPltUhZtgYJPgwXiH59Con82MOBjVuJk=
github.com/mtresnik/goutils v1.1.10/go.mod h1:v9vZuQDB6PeVz0zsTHAmwHrwRz62JkQ5llZwQaLZP20=
github.com/mtresnik/goutils v1.1.11 h1:S7RxiOX2OIyj8o1+fKtEmProwgpUG1M+gFFAouMI9aE=
github.com/mtresnik/goutils v1.1.11/go.mod h1:v9vZuQDB6PeVz0zsTHAmwHrwRz62JkQ5llZwQaLZP20=
golang.org/x/exp v0.0.0-20241217172543-b2144cdd0a67 h1:1UoZQm6f0P/ZO0w1Ri+f+ifG/gXhegadRdwBIXEFWDo=
golang.org/x/exp v0.0.0-20241217172543-b2144cdd0a67/go.mod h1:qj5a5QZpwLU2NLQudwIN5koi3beDhSAlJwa67PuM98c=
